{
  "originHash" : "658f837985c79f0539997aa277c572661e5eccf9a6dbf095ee5f7ff7ef0ea133",
  "pins" : [
    {
      "identity" : "messagepacker",
      "kind" : "remoteSourceControl",
      "location" : "https://github.com/hirotakan/MessagePacker.git",
      "state" : {
        "revision" : "4d8346c6bc579347e4df0429493760691c5aeca2",
        "version" : "0.4.7"
      }
    }
  ],
  "version" : 3
}
